// !$*UTF8*$!
{
	archiveVersion = 1;
	classes = {
	};
	objectVersion = 56;
	objects = {

/* Begin PBXBuildFile section */
		0234902B2BE83FAA00507F5B /* GitHub_ExerciseApp.swift in Sources */ = {isa = PBXBuildFile; fileRef = 0234902A2BE83FAA00507F5B /* GitHub_ExerciseApp.swift */; };
		0234902D2BE83FAA00507F5B /* ContentView.swift in Sources */ = {isa = PBXBuildFile; fileRef = 0234902C2BE83FAA00507F5B /* ContentView.swift */; };
		0234902F2BE83FAD00507F5B /* Assets.xcassets in Resources */ = {isa = PBXBuildFile; fileRef = 0234902E2BE83FAD00507F5B /* Assets.xcassets */; };
		023490322BE83FAD00507F5B /* Preview Assets.xcassets in Resources */ = {isa = PBXBuildFile; fileRef = 023490312BE83FAD00507F5B /* Preview Assets.xcassets */; };
		0234903C2BE83FAE00507F5B /* GitHub_ExerciseTests.swift in Sources */ = {isa = PBXBuildFile; fileRef = 0234903B2BE83FAE00507F5B /* GitHub_ExerciseTests.swift */; };
		023490462BE83FAE00507F5B /* GitHub_ExerciseUITests.swift in Sources */ = {isa = PBXBuildFile; fileRef = 023490452BE83FAE00507F5B /* GitHub_ExerciseUITests.swift */; };
		023490482BE83FAE00507F5B /* GitHub_ExerciseUITestsLaunchTests.swift in Sources */ = {isa = PBXBuildFile; fileRef = 023490472BE83FAE00507F5B /* GitHub_ExerciseUITestsLaunchTests.swift */; };
/* End PBXBuildFile section */

/* Begin PBXContainerItemProxy section */
		023490382BE83FAE00507F5B /* PBXContainerItemProxy */ = {
			isa = PBXContainerItemProxy;
			containerPortal = 0234901F2BE83FAA00507F5B /* Project object */;
			proxyType = 1;
			remoteGlobalIDString = 023490262BE83FAA00507F5B;
			remoteInfo = "GitHub Exercise";
		};
		023490422BE83FAE00507F5B /* PBXContainerItemProxy */ = {
			isa = PBXContainerItemProxy;
			containerPortal = 0234901F2BE83FAA00507F5B /* Project object */;
			proxyType = 1;
			remoteGlobalIDString = 023490262BE83FAA00507F5B;
			remoteInfo = "GitHub Exercise";
		};
/* End PBXContainerItemProxy section */

/* Begin PBXFileReference section */
		023490272BE83FAA00507F5B /* GitHub Exercise.app */ = {isa = PBXFileReference; explicitFileType = wrapper.application; includeInIndex = 0; path = "GitHub Exercise.app"; sourceTree = BUILT_PRODUCTS_DIR; };
		0234902A2BE83FAA00507F5B /* GitHub_ExerciseApp.swift */ = {isa = PBXFileReference; lastKnownFileType = sourcecode.swift; path = GitHub_ExerciseApp.swift; sourceTree = "<group>"; };
		0234902C2BE83FAA00507F5B /* ContentView.swift */ = {isa = PBXFileReference; lastKnownFileType = sourcecode.swift; path = ContentView.swift; sourceTree = "<group>"; };
		0234902E2BE83FAD00507F5B /* Assets.xcassets */ = {isa = PBXFileReference; lastKnownFileType = folder.assetcatalog; path = Assets.xcassets; sourceTree = "<group>"; };
		023490312BE83FAD00507F5B /* Preview Assets.xcassets */ = {isa = PBXFileReference; lastKnownFileType = folder.assetcatalog; path = "Preview Assets.xcassets"; sourceTree = "<group>"; };
		023490372BE83FAE00507F5B /* GitHub ExerciseTests.xctest */ = {isa = PBXFileReference; explicitFileType = wrapper.cfbundle; includeInIndex = 0; path = "GitHub ExerciseTests.xctest"; sourceTree = BUILT_PRODUCTS_DIR; };
		0234903B2BE83FAE00507F5B /* GitHub_ExerciseTests.swift */ = {isa = PBXFileReference; lastKnownFileType = sourcecode.swift; path = GitHub_ExerciseTests.swift; sourceTree = "<group>"; };
		023490412BE83FAE00507F5B /* GitHub ExerciseUITests.xctest */ = {isa = PBXFileReference; explicitFileType = wrapper.cfbundle; includeInIndex = 0; path = "GitHub ExerciseUITests.xctest"; sourceTree = BUILT_PRODUCTS_DIR; };
		023490452BE83FAE00507F5B /* GitHub_ExerciseUITests.swift */ = {isa = PBXFileReference; lastKnownFileType = sourcecode.swift; path = GitHub_ExerciseUITests.swift; sourceTree = "<group>"; };
		023490472BE83FAE00507F5B /* GitHub_ExerciseUITestsLaunchTests.swift */ = {isa = PBXFileReference; lastKnownFileType = sourcecode.swift; path = GitHub_ExerciseUITestsLaunchTests.swift; sourceTree = "<group>"; };
/* End PBXFileReference section */

/* Begin PBXFrameworksBuildPhase section */
		023490242BE83FAA00507F5B /* Frameworks */ = {
			isa = PBXFrameworksBuildPhase;
			buildActionMask = 2147483647;
			files = (
			);
			runOnlyForDeploymentPostprocessing = 0;
		};
		023490342BE83FAE00507F5B /* Frameworks */ = {
			isa = PBXFrameworksBuildPhase;
			buildActionMask = 2147483647;
			files = (
			);
			runOnlyForDeploymentPostprocessing = 0;
		};
		0234903E2BE83FAE00507F5B /* Frameworks */ = {
			isa = PBXFrameworksBuildPhase;
			buildActionMask = 2147483647;
			files = (
			);
			runOnlyForDeploymentPostprocessing = 0;
		};
/* End PBXFrameworksBuildPhase section */

/* Begin PBXGroup section */
		0234901E2BE83FAA00507F5B = {
			isa = PBXGroup;
			children = (
				023490292BE83FAA00507F5B /* GitHub Exercise */,
				0234903A2BE83FAE00507F5B /* GitHub ExerciseTests */,
				023490442BE83FAE00507F5B /* GitHub ExerciseUITests */,
				023490282BE83FAA00507F5B /* Products */,
			);
			sourceTree = "<group>";
		};
		023490282BE83FAA00507F5B /* Products */ = {
			isa = PBXGroup;
			children = (
				023490272BE83FAA00507F5B /* GitHub Exercise.app */,
				023490372BE83FAE00507F5B /* GitHub ExerciseTests.xctest */,
				023490412BE83FAE00507F5B /* GitHub ExerciseUITests.xctest */,
			);
			name = Products;
			sourceTree = "<group>";
		};
		023490292BE83FAA00507F5B /* GitHub Exercise */ = {
			isa = PBXGroup;
			children = (
				0234902A2BE83FAA00507F5B /* GitHub_ExerciseApp.swift */,
				0234902C2BE83FAA00507F5B /* ContentView.swift */,
				0234902E2BE83FAD00507F5B /* Assets.xcassets */,
				023490302BE83FAD00507F5B /* Preview Content */,
			);
			path = "GitHub Exercise";
			sourceTree = "<group>";
		};
		023490302BE83FAD00507F5B /* Preview Content */ = {
			isa = PBXGroup;
			children = (
				023490312BE83FAD00507F5B /* Preview Assets.xcassets */,
			);
			path = "Preview Content";
			sourceTree = "<group>";
		};
		0234903A2BE83FAE00507F5B /* GitHub ExerciseTests */ = {
			isa = PBXGroup;
			children = (
				0234903B2BE83FAE00507F5B /* GitHub_ExerciseTests.swift */,
			);
			path = "GitHub ExerciseTests";
			sourceTree = "<group>";
		};
		023490442BE83FAE00507F5B /* GitHub ExerciseUITests */ = {
			isa = PBXGroup;
			children = (
				023490452BE83FAE00507F5B /* GitHub_ExerciseUITests.swift */,
				023490472BE83FAE00507F5B /* GitHub_ExerciseUITestsLaunchTests.swift */,
			);
			path = "GitHub ExerciseUITests";
			sourceTree = "<group>";
		};
/* End PBXGroup section */

/* Begin PBXNativeTarget section */
		023490262BE83FAA00507F5B /* GitHub Exercise */ = {
			isa = PBXNativeTarget;
			buildConfigurationList = 0234904B2BE83FAE00507F5B /* Build configuration list for PBXNativeTarget "GitHub Exercise" */;
			buildPhases = (
				023490232BE83FAA00507F5B /* Sources */,
				023490242BE83FAA00507F5B /* Frameworks */,
				023490252BE83FAA00507F5B /* Resources */,
			);
			buildRules = (
			);
			dependencies = (
			);
			name = "GitHub Exercise";
			productName = "GitHub Exercise";
			productReference = 023490272BE83FAA00507F5B /* GitHub Exercise.app */;
			productType = "com.apple.product-type.application";
		};
		023490362BE83FAE00507F5B /* GitHub ExerciseTests */ = {
			isa = PBXNativeTarget;
			buildConfigurationList = 0234904E2BE83FAE00507F5B /* Build configuration list for PBXNativeTarget "GitHub ExerciseTests" */;
			buildPhases = (
				023490332BE83FAE00507F5B /* Sources */,
				023490342BE83FAE00507F5B /* Frameworks */,
				023490352BE83FAE00507F5B /* Resources */,
			);
			buildRules = (
			);
			dependencies = (
				023490392BE83FAE00507F5B /* PBXTargetDependency */,
			);
			name = "GitHub ExerciseTests";
			productName = "GitHub ExerciseTests";
			productReference = 023490372BE83FAE00507F5B /* GitHub ExerciseTests.xctest */;
			productType = "com.apple.product-type.bundle.unit-test";
		};
		023490402BE83FAE00507F5B /* GitHub ExerciseUITests */ = {
			isa = PBXNativeTarget;
			buildConfigurationList = 023490512BE83FAE00507F5B /* Build configuration list for PBXNativeTarget "GitHub ExerciseUITests" */;
			buildPhases = (
				0234903D2BE83FAE00507F5B /* Sources */,
				0234903E2BE83FAE00507F5B /* Frameworks */,
				0234903F2BE83FAE00507F5B /* Resources */,
			);
			buildRules = (
			);
			dependencies = (
				023490432BE83FAE00507F5B /* PBXTargetDependency */,
			);
			name = "GitHub ExerciseUITests";
			productName = "GitHub ExerciseUITests";
			productReference = 023490412BE83FAE00507F5B /* GitHub ExerciseUITests.xctest */;
			productType = "com.apple.product-type.bundle.ui-testing";
		};
/* End PBXNativeTarget section */

/* Begin PBXProject section */
		0234901F2BE83FAA00507F5B /* Project object */ = {
			isa = PBXProject;
			attributes = {
				BuildIndependentTargetsInParallel = 1;
				LastSwiftUpdateCheck = 1530;
				LastUpgradeCheck = 1530;
				TargetAttributes = {
					023490262BE83FAA00507F5B = {
						CreatedOnToolsVersion = 15.3;
					};
					023490362BE83FAE00507F5B = {
						CreatedOnToolsVersion = 15.3;
						TestTargetID = 023490262BE83FAA00507F5B;
					};
					023490402BE83FAE00507F5B = {
						CreatedOnToolsVersion = 15.3;
						TestTargetID = 023490262BE83FAA00507F5B;
					};
				};
			};
			buildConfigurationList = 023490222BE83FAA00507F5B /* Build configuration list for PBXProject "GitHub Exercise" */;
			compatibilityVersion = "Xcode 14.0";
			developmentRegion = en;
			hasScannedForEncodings = 0;
			knownRegions = (
				en,
				Base,
			);
			mainGroup = 0234901E2BE83FAA00507F5B;
			productRefGroup = 023490282BE83FAA00507F5B /* Products */;
			projectDirPath = "";
			projectRoot = "";
			targets = (
				023490262BE83FAA00507F5B /* GitHub Exercise */,
				023490362BE83FAE00507F5B /* GitHub ExerciseTests */,
				023490402BE83FAE00507F5B /* GitHub ExerciseUITests */,
			);
		};
/* End PBXProject section */

/* Begin PBXResourcesBuildPhase section */
		023490252BE83FAA00507F5B /* Resources */ = {
			isa = PBXResourcesBuildPhase;
			buildActionMask = 2147483647;
			files = (
				023490322BE83FAD00507F5B /* Preview Assets.xcassets in Resources */,
				0234902F2BE83FAD00507F5B /* Assets.xcassets in Resources */,
			);
			runOnlyForDeploymentPostprocessing = 0;
		};
		023490352BE83FAE00507F5B /* Resources */ = {
			isa = PBXResourcesBuildPhase;
			buildActionMask = 2147483647;
			files = (
			);
			runOnlyForDeploymentPostprocessing = 0;
		};
		0234903F2BE83FAE00507F5B /* Resources */ = {
			isa = PBXResourcesBuildPhase;
			buildActionMask = 2147483647;
			files = (
			);
			runOnlyForDeploymentPostprocessing = 0;
		};
/* End PBXResourcesBuildPhase section */

/* Begin PBXSourcesBuildPhase section */
		023490232BE83FAA00507F5B /* Sources */ = {
			isa = PBXSourcesBuildPhase;
			buildActionMask = 2147483647;
			files = (
				0234902D2BE83FAA00507F5B /* ContentView.swift in Sources */,
				0234902B2BE83FAA00507F5B /* GitHub_ExerciseApp.swift in Sources */,
			);
			runOnlyForDeploymentPostprocessing = 0;
		};
		023490332BE83FAE00507F5B /* Sources */ = {
			isa = PBXSourcesBuildPhase;
			buildActionMask = 2147483647;
			files = (
				0234903C2BE83FAE00507F5B /* GitHub_ExerciseTests.swift in Sources */,
			);
			runOnlyForDeploymentPostprocessing = 0;
		};
		0234903D2BE83FAE00507F5B /* Sources */ = {
			isa = PBXSourcesBuildPhase;
			buildActionMask = 2147483647;
			files = (
				023490462BE83FAE00507F5B /* GitHub_ExerciseUITests.swift in Sources */,
				023490482BE83FAE00507F5B /* GitHub_ExerciseUITestsLaunchTests.swift in Sources */,
			);
			runOnlyForDeploymentPostprocessing = 0;
		};
/* End PBXSourcesBuildPhase section */

/* Begin PBXTargetDependency section */
		023490392BE83FAE00507F5B /* PBXTargetDependency */ = {
			isa = PBXTargetDependency;
			target = 023490262BE83FAA00507F5B /* GitHub Exercise */;
			targetProxy = 023490382BE83FAE00507F5B /* PBXContainerItemProxy */;
		};
		023490432BE83FAE00507F5B /* PBXTargetDependency */ = {
			isa = PBXTargetDependency;
			target = 023490262BE83FAA00507F5B /* GitHub Exercise */;
			targetProxy = 023490422BE83FAE00507F5B /* PBXContainerItemProxy */;
		};
/* End PBXTargetDependency section */

/* Begin XCBuildConfiguration section */
		023490492BE83FAE00507F5B /* Debug */ = {
			isa = XCBuildConfiguration;
			buildSettings = {
				ALWAYS_SEARCH_USER_PATHS = NO;
				ASSETCATALOG_COMPILER_GENERATE_SWIFT_ASSET_SYMBOL_EXTENSIONS = YES;
				CLANG_ANALYZER_NONNULL = YES;
				CLANG_ANALYZER_NUMBER_OBJECT_CONVERSION = YES_AGGRESSIVE;
				CLANG_CXX_LANGUAGE_STANDARD = "gnu++20";
				CLANG_ENABLE_MODULES = YES;
				CLANG_ENABLE_OBJC_ARC = YES;
				CLANG_ENABLE_OBJC_WEAK = YES;
				CLANG_WARN_BLOCK_CAPTURE_AUTORELEASING = YES;
				CLANG_WARN_BOOL_CONVERSION = YES;
				CLANG_WARN_COMMA = YES;
				CLANG_WARN_CONSTANT_CONVERSION = YES;
				CLANG_WARN_DEPRECATED_OBJC_IMPLEMENTATIONS = YES;
				CLANG_WARN_DIRECT_OBJC_ISA_USAGE = YES_ERROR;
				CLANG_WARN_DOCUMENTATION_COMMENTS = YES;
				CLANG_WARN_EMPTY_BODY = YES;
				CLANG_WARN_ENUM_CONVERSION = YES;
				CLANG_WARN_INFINITE_RECURSION = YES;
				CLANG_WARN_INT_CONVERSION = YES;
				CLANG_WARN_NON_LITERAL_NULL_CONVERSION = YES;
				CLANG_WARN_OBJC_IMPLICIT_RETAIN_SELF = YES;
				CLANG_WARN_OBJC_LITERAL_CONVERSION = YES;
				CLANG_WARN_OBJC_ROOT_CLASS = YES_ERROR;
				CLANG_WARN_QUOTED_INCLUDE_IN_FRAMEWORK_HEADER = YES;
				CLANG_WARN_RANGE_LOOP_ANALYSIS = YES;
				CLANG_WARN_STRICT_PROTOTYPES = YES;
				CLANG_WARN_SUSPICIOUS_MOVE = YES;
				CLANG_WARN_UNGUARDED_AVAILABILITY = YES_AGGRESSIVE;
				CLANG_WARN_UNREACHABLE_CODE = YES;
				CLANG_WARN__DUPLICATE_METHOD_MATCH = YES;
				COPY_PHASE_STRIP = NO;
				DEBUG_INFORMATION_FORMAT = dwarf;
				ENABLE_STRICT_OBJC_MSGSEND = YES;
				ENABLE_TESTABILITY = YES;
				ENABLE_USER_SCRIPT_SANDBOXING = YES;
				GCC_C_LANGUAGE_STANDARD = gnu17;
				GCC_DYNAMIC_NO_PIC = NO;
				GCC_NO_COMMON_BLOCKS = YES;
				GCC_OPTIMIZATION_LEVEL = 0;
				GCC_PREPROCESSOR_DEFINITIONS = (
					"DEBUG=1",
					"$(inherited)",
				);
				GCC_WARN_64_TO_32_BIT_CONVERSION = YES;
				GCC_WARN_ABOUT_RETURN_TYPE = YES_ERROR;
				GCC_WARN_UNDECLARED_SELECTOR = YES;
				GCC_WARN_UNINITIALIZED_AUTOS = YES_AGGRESSIVE;
				GCC_WARN_UNUSED_FUNCTION = YES;
				GCC_WARN_UNUSED_VARIABLE = YES;
				IPHONEOS_DEPLOYMENT_TARGET = 17.4;
				LOCALIZATION_PREFERS_STRING_CATALOGS = YES;
				MTL_ENABLE_DEBUG_INFO = INCLUDE_SOURCE;
				MTL_FAST_MATH = YES;
				ONLY_ACTIVE_ARCH = YES;
				SDKROOT = iphoneos;
				SWIFT_ACTIVE_COMPILATION_CONDITIONS = "DEBUG $(inherited)";
				SWIFT_OPTIMIZATION_LEVEL = "-Onone";
			};
			name = Debug;
		};
		0234904A2BE83FAE00507F5B /* Release */ = {
			isa = XCBuildConfiguration;
			buildSettings = {
				ALWAYS_SEARCH_USER_PATHS = NO;
				ASSETCATALOG_COMPILER_GENERATE_SWIFT_ASSET_SYMBOL_EXTENSIONS = YES;
				CLANG_ANALYZER_NONNULL = YES;
				CLANG_ANALYZER_NUMBER_OBJECT_CONVERSION = YES_AGGRESSIVE;
				CLANG_CXX_LANGUAGE_STANDARD = "gnu++20";
				CLANG_ENABLE_MODULES = YES;
				CLANG_ENABLE_OBJC_ARC = YES;
				CLANG_ENABLE_OBJC_WEAK = YES;
				CLANG_WARN_BLOCK_CAPTURE_AUTORELEASING = YES;
				CLANG_WARN_BOOL_CONVERSION = YES;
				CLANG_WARN_COMMA = YES;
				CLANG_WARN_CONSTANT_CONVERSION = YES;
				CLANG_WARN_DEPRECATED_OBJC_IMPLEMENTATIONS = YES;
				CLANG_WARN_DIRECT_OBJC_ISA_USAGE = YES_ERROR;
				CLANG_WARN_DOCUMENTATION_COMMENTS = YES;
				CLANG_WARN_EMPTY_BODY = YES;
				CLANG_WARN_ENUM_CONVERSION = YES;
				CLANG_WARN_INFINITE_RECURSION = YES;
				CLANG_WARN_INT_CONVERSION = YES;
				CLANG_WARN_NON_LITERAL_NULL_CONVERSION = YES;
				CLANG_WARN_OBJC_IMPLICIT_RETAIN_SELF = YES;
				CLANG_WARN_OBJC_LITERAL_CONVERSION = YES;
				CLANG_WARN_OBJC_ROOT_CLASS = YES_ERROR;
				CLANG_WARN_QUOTED_INCLUDE_IN_FRAMEWORK_HEADER = YES;
				CLANG_WARN_RANGE_LOOP_ANALYSIS = YES;
				CLANG_WARN_STRICT_PROTOTYPES = YES;
				CLANG_WARN_SUSPICIOUS_MOVE = YES;
				CLANG_WARN_UNGUARDED_AVAILABILITY = YES_AGGRESSIVE;
				CLANG_WARN_UNREACHABLE_CODE = YES;
				CLANG_WARN__DUPLICATE_METHOD_MATCH = YES;
				COPY_PHASE_STRIP = NO;
				DEBUG_INFORMATION_FORMAT = "dwarf-with-dsym";
				ENABLE_NS_ASSERTIONS = NO;
				ENABLE_STRICT_OBJC_MSGSEND = YES;
				ENABLE_USER_SCRIPT_SANDBOXING = YES;
				GCC_C_LANGUAGE_STANDARD = gnu17;
				GCC_NO_COMMON_BLOCKS = YES;
				GCC_WARN_64_TO_32_BIT_CONVERSION = YES;
				GCC_WARN_ABOUT_RETURN_TYPE = YES_ERROR;
				GCC_WARN_UNDECLARED_SELECTOR = YES;
				GCC_WARN_UNINITIALIZED_AUTOS = YES_AGGRESSIVE;
				GCC_WARN_UNUSED_FUNCTION = YES;
				GCC_WARN_UNUSED_VARIABLE = YES;
				IPHONEOS_DEPLOYMENT_TARGET = 17.4;
				LOCALIZATION_PREFERS_STRING_CATALOGS = YES;
				MTL_ENABLE_DEBUG_INFO = NO;
				MTL_FAST_MATH = YES;
				SDKROOT = iphoneos;
				SWIFT_COMPILATION_MODE = wholemodule;
				VALIDATE_PRODUCT = YES;
			};
			name = Release;
		};
		0234904C2BE83FAE00507F5B /* Debug */ = {
			isa = XCBuildConfiguration;
			buildSettings = {
				ASSETCATALOG_COMPILER_APPICON_NAME = AppIcon;
				ASSETCATALOG_COMPILER_GLOBAL_ACCENT_COLOR_NAME = AccentColor;
				CODE_SIGN_STYLE = Automatic;
				CURRENT_PROJECT_VERSION = 1;
				DEVELOPMENT_ASSET_PATHS = "\"GitHub Exercise/Preview Content\"";
				DEVELOPMENT_TEAM = M342ZVU49K;
				ENABLE_PREVIEWS = YES;
				GENERATE_INFOPLIST_FILE = YES;
				INFOPLIST_KEY_UIApplicationSceneManifest_Generation = YES;
				INFOPLIST_KEY_UIApplicationSupportsIndirectInputEvents = YES;
				INFOPLIST_KEY_UILaunchScreen_Generation = YES;
				INFOPLIST_KEY_UISupportedInterfaceOrientations_iPad = "UIInterfaceOrientationPortrait UIInterfaceOrientationPortraitUpsideDown UIInterfaceOrientationLandscapeLeft UIInterfaceOrientationLandscapeRight";
				INFOPLIST_KEY_UISupportedInterfaceOrientations_iPhone = "UIInterfaceOrientationPortrait UIInterfaceOrientationLandscapeLeft UIInterfaceOrientationLandscapeRight";
				LD_RUNPATH_SEARCH_PATHS = (
					"$(inherited)",
					"@executable_path/Frameworks",
				);
				MARKETING_VERSION = 1.0;
				PRODUCT_BUNDLE_IDENTIFIER = "com.jwdev.GitHub-Exercise";
				PRODUCT_NAME = "$(TARGET_NAME)";
				SWIFT_EMIT_LOC_STRINGS = YES;
				SWIFT_VERSION = 5.0;
				TARGETED_DEVICE_FAMILY = "1,2";
			};
			name = Debug;
		};
		0234904D2BE83FAE00507F5B /* Release */ = {
			isa = XCBuildConfiguration;
			buildSettings = {
				ASSETCATALOG_COMPILER_APPICON_NAME = AppIcon;
				ASSETCATALOG_COMPILER_GLOBAL_ACCENT_COLOR_NAME = AccentColor;
				CODE_SIGN_STYLE = Automatic;
				CURRENT_PROJECT_VERSION = 1;
				DEVELOPMENT_ASSET_PATHS = "\"GitHub Exercise/Preview Content\"";
				DEVELOPMENT_TEAM = M342ZVU49K;
				ENABLE_PREVIEWS = YES;
				GENERATE_INFOPLIST_FILE = YES;
				INFOPLIST_KEY_UIApplicationSceneManifest_Generation = YES;
				INFOPLIST_KEY_UIApplicationSupportsIndirectInputEvents = YES;
				INFOPLIST_KEY_UILaunchScreen_Generation = YES;
				INFOPLIST_KEY_UISupportedInterfaceOrientations_iPad = "UIInterfaceOrientationPortrait UIInterfaceOrientationPortraitUpsideDown UIInterfaceOrientationLandscapeLeft UIInterfaceOrientationLandscapeRight";
				INFOPLIST_KEY_UISupportedInterfaceOrientations_iPhone = "UIInterfaceOrientationPortrait UIInterfaceOrientationLandscapeLeft UIInterfaceOrientationLandscapeRight";
				LD_RUNPATH_SEARCH_PATHS = (
					"$(inherited)",
					"@executable_path/Frameworks",
				);
				MARKETING_VERSION = 1.0;
				PRODUCT_BUNDLE_IDENTIFIER = "com.jwdev.GitHub-Exercise";
				PRODUCT_NAME = "$(TARGET_NAME)";
				SWIFT_EMIT_LOC_STRINGS = YES;
				SWIFT_VERSION = 5.0;
				TARGETED_DEVICE_FAMILY = "1,2";
			};
			name = Release;
		};
		0234904F2BE83FAE00507F5B /* Debug */ = {
			isa = XCBuildConfiguration;
			buildSettings = {
				ALWAYS_EMBED_SWIFT_STANDARD_LIBRARIES = YES;
				BUNDLE_LOADER = "$(TEST_HOST)";
				CODE_SIGN_STYLE = Automatic;
				CURRENT_PROJECT_VERSION = 1;
				DEVELOPMENT_TEAM = M342ZVU49K;
				GENERATE_INFOPLIST_FILE = YES;
				IPHONEOS_DEPLOYMENT_TARGET = 17.4;
				MARKETING_VERSION = 1.0;
				PRODUCT_BUNDLE_IDENTIFIER = "com.jwdev.GitHub-ExerciseTests";
				PRODUCT_NAME = "$(TARGET_NAME)";
				SWIFT_EMIT_LOC_STRINGS = NO;
				SWIFT_VERSION = 5.0;
				TARGETED_DEVICE_FAMILY = "1,2";
				TEST_HOST = "$(BUILT_PRODUCTS_DIR)/GitHub Exercise.app/$(BUNDLE_EXECUTABLE_FOLDER_PATH)/GitHub Exercise";
			};
			name = Debug;
		};
		023490502BE83FAE00507F5B /* Release */ = {
			isa = XCBuildConfiguration;
			buildSettings = {
				ALWAYS_EMBED_SWIFT_STANDARD_LIBRARIES = YES;
				BUNDLE_LOADER = "$(TEST_HOST)";
				CODE_SIGN_STYLE = Automatic;
				CURRENT_PROJECT_VERSION = 1;
				DEVELOPMENT_TEAM = M342ZVU49K;
				GENERATE_INFOPLIST_FILE = YES;
				IPHONEOS_DEPLOYMENT_TARGET = 17.4;
				MARKETING_VERSION = 1.0;
				PRODUCT_BUNDLE_IDENTIFIER = "com.jwdev.GitHub-ExerciseTests";
				PRODUCT_NAME = "$(TARGET_NAME)";
				SWIFT_EMIT_LOC_STRINGS = NO;
				SWIFT_VERSION = 5.0;
				TARGETED_DEVICE_FAMILY = "1,2";
				TEST_HOST = "$(BUILT_PRODUCTS_DIR)/GitHub Exercise.app/$(BUNDLE_EXECUTABLE_FOLDER_PATH)/GitHub Exercise";
			};
			name = Release;
		};
		023490522BE83FAE00507F5B /* Debug */ = {
			isa = XCBuildConfiguration;
			buildSettings = {
				ALWAYS_EMBED_SWIFT_STANDARD_LIBRARIES = YES;
				CODE_SIGN_STYLE = Automatic;
				CURRENT_PROJECT_VERSION = 1;
				DEVELOPMENT_TEAM = M342ZVU49K;
				GENERATE_INFOPLIST_FILE = YES;
				MARKETING_VERSION = 1.0;
				PRODUCT_BUNDLE_IDENTIFIER = "com.jwdev.GitHub-ExerciseUITests";
				PRODUCT_NAME = "$(TARGET_NAME)";
				SWIFT_EMIT_LOC_STRINGS = NO;
				SWIFT_VERSION = 5.0;
				TARGETED_DEVICE_FAMILY = "1,2";
				TEST_TARGET_NAME = "GitHub Exercise";
			};
			name = Debug;
		};
		023490532BE83FAE00507F5B /* Release */ = {
			isa = XCBuildConfiguration;
			buildSettings = {
				ALWAYS_EMBED_SWIFT_STANDARD_LIBRARIES = YES;
				CODE_SIGN_STYLE = Automatic;
				CURRENT_PROJECT_VERSION = 1;
				DEVELOPMENT_TEAM = M342ZVU49K;
				GENERATE_INFOPLIST_FILE = YES;
				MARKETING_VERSION = 1.0;
				PRODUCT_BUNDLE_IDENTIFIER = "com.jwdev.GitHub-ExerciseUITests";
				PRODUCT_NAME = "$(TARGET_NAME)";
				SWIFT_EMIT_LOC_STRINGS = NO;
				SWIFT_VERSION = 5.0;
				TARGETED_DEVICE_FAMILY = "1,2";
				TEST_TARGET_NAME = "GitHub Exercise";
			};
			name = Release;
		};
/* End XCBuildConfiguration section */

/* Begin XCConfigurationList section */
		023490222BE83FAA00507F5B /* Build configuration list for PBXProject "GitHub Exercise" */ = {
			isa = XCConfigurationList;
			buildConfigurations = (
				023490492BE83FAE00507F5B /* Debug */,
				0234904A2BE83FAE00507F5B /* Release */,
			);
			defaultConfigurationIsVisible = 0;
			defaultConfigurationName = Release;
		};
		0234904B2BE83FAE00507F5B /* Build configuration list for PBXNativeTarget "GitHub Exercise" */ = {
			isa = XCConfigurationList;
			buildConfigurations = (
				0234904C2BE83FAE00507F5B /* Debug */,
				0234904D2BE83FAE00507F5B /* Release */,
			);
			defaultConfigurationIsVisible = 0;
			defaultConfigurationName = Release;
		};
		0234904E2BE83FAE00507F5B /* Build configuration list for PBXNativeTarget "GitHub ExerciseTests" */ = {
			isa = XCConfigurationList;
			buildConfigurations = (
				0234904F2BE83FAE00507F5B /* Debug */,
				023490502BE83FAE00507F5B /* Release */,
			);
			defaultConfigurationIsVisible = 0;
			defaultConfigurationName = Release;
		};
		023490512BE83FAE00507F5B /* Build configuration list for PBXNativeTarget "GitHub ExerciseUITests" */ = {
			isa = XCConfigurationList;
			buildConfigurations = (
				023490522BE83FAE00507F5B /* Debug */,
				023490532BE83FAE00507F5B /* Release */,
			);
			defaultConfigurationIsVisible = 0;
			defaultConfigurationName = Release;
		};
/* End XCConfigurationList section */
	};
	rootObject = 0234901F2BE83FAA00507F5B /* Project object */;
}
